// !$*UTF8*$!
{
	archiveVersion = 1;
	classes = {
	};
	objectVersion = 56;
	objects = {

/* Begin PBXBuildFile section */
		65B862D628E337C50024BEC9 /* mvpApp.swift in Sources */ = {isa = PBXBuildFile; fileRef = 65B862D528E337C50024BEC9 /* mvpApp.swift */; };
		65B862D828E337C50024BEC9 /* ContentView.swift in Sources */ = {isa = PBXBuildFile; fileRef = 65B862D728E337C50024BEC9 /* ContentView.swift */; };
		65B862DA28E337C60024BEC9 /* Assets.xcassets in Resources */ = {isa = PBXBuildFile; fileRef = 65B862D928E337C60024BEC9 /* Assets.xcassets */; };
		65B862DE28E337C60024BEC9 /* Preview Assets.xcassets in Resources */ = {isa = PBXBuildFile; fileRef = 65B862DD28E337C60024BEC9 /* Preview Assets.xcassets */; };
		65B862E828E337C60024BEC9 /* mvpTests.swift in Sources */ = {isa = PBXBuildFile; fileRef = 65B862E728E337C60024BEC9 /* mvpTests.swift */; };
		65B862F228E337C60024BEC9 /* mvpUITests.swift in Sources */ = {isa = PBXBuildFile; fileRef = 65B862F128E337C60024BEC9 /* mvpUITests.swift */; };
		65B862F428E337C60024BEC9 /* mvpUITestsLaunchTests.swift in Sources */ = {isa = PBXBuildFile; fileRef = 65B862F328E337C60024BEC9 /* mvpUITestsLaunchTests.swift */; };
/* End PBXBuildFile section */

/* Begin PBXContainerItemProxy section */
		65B862E428E337C60024BEC9 /* PBXContainerItemProxy */ = {
			isa = PBXContainerItemProxy;
			containerPortal = 65B862CA28E337C50024BEC9 /* Project object */;
			proxyType = 1;
			remoteGlobalIDString = 65B862D128E337C50024BEC9;
			remoteInfo = mvp;
		};
		65B862EE28E337C60024BEC9 /* PBXContainerItemProxy */ = {
			isa = PBXContainerItemProxy;
			containerPortal = 65B862CA28E337C50024BEC9 /* Project object */;
			proxyType = 1;
			remoteGlobalIDString = 65B862D128E337C50024BEC9;
			remoteInfo = mvp;
		};
/* End PBXContainerItemProxy section */

/* Begin PBXFileReference section */
		65B862D228E337C50024BEC9 /* mvp.app */ = {isa = PBXFileReference; explicitFileType = wrapper.application; includeInIndex = 0; path = mvp.app; sourceTree = BUILT_PRODUCTS_DIR; };
		65B862D528E337C50024BEC9 /* mvpApp.swift */ = {isa = PBXFileReference; lastKnownFileType = sourcecode.swift; path = mvpApp.swift; sourceTree = "<group>"; };
		65B862D728E337C50024BEC9 /* ContentView.swift */ = {isa = PBXFileReference; lastKnownFileType = sourcecode.swift; path = ContentView.swift; sourceTree = "<group>"; };
		65B862D928E337C60024BEC9 /* Assets.xcassets */ = {isa = PBXFileReference; lastKnownFileType = folder.assetcatalog; path = Assets.xcassets; sourceTree = "<group>"; };
		65B862DB28E337C60024BEC9 /* mvp.entitlements */ = {isa = PBXFileReference; lastKnownFileType = text.plist.entitlements; path = mvp.entitlements; sourceTree = "<group>"; };
		65B862DD28E337C60024BEC9 /* Preview Assets.xcassets */ = {isa = PBXFileReference; lastKnownFileType = folder.assetcatalog; path = "Preview Assets.xcassets"; sourceTree = "<group>"; };
		65B862E328E337C60024BEC9 /* mvpTests.xctest */ = {isa = PBXFileReference; explicitFileType = wrapper.cfbundle; includeInIndex = 0; path = mvpTests.xctest; sourceTree = BUILT_PRODUCTS_DIR; };
		65B862E728E337C60024BEC9 /* mvpTests.swift */ = {isa = PBXFileReference; lastKnownFileType = sourcecode.swift; path = mvpTests.swift; sourceTree = "<group>"; };
		65B862ED28E337C60024BEC9 /* mvpUITests.xctest */ = {isa = PBXFileReference; explicitFileType = wrapper.cfbundle; includeInIndex = 0; path = mvpUITests.xctest; sourceTree = BUILT_PRODUCTS_DIR; };
		65B862F128E337C60024BEC9 /* mvpUITests.swift */ = {isa = PBXFileReference; lastKnownFileType = sourcecode.swift; path = mvpUITests.swift; sourceTree = "<group>"; };
		65B862F328E337C60024BEC9 /* mvpUITestsLaunchTests.swift */ = {isa = PBXFileReference; lastKnownFileType = sourcecode.swift; path = mvpUITestsLaunchTests.swift; sourceTree = "<group>"; };
/* End PBXFileReference section */

/* Begin PBXFrameworksBuildPhase section */
		65B862CF28E337C50024BEC9 /* Frameworks */ = {
			isa = PBXFrameworksBuildPhase;
			buildActionMask = 2147483647;
			files = (
			);
			runOnlyForDeploymentPostprocessing = 0;
		};
		65B862E028E337C60024BEC9 /* Frameworks */ = {
			isa = PBXFrameworksBuildPhase;
			buildActionMask = 2147483647;
			files = (
			);
			runOnlyForDeploymentPostprocessing = 0;
		};
		65B862EA28E337C60024BEC9 /* Frameworks */ = {
			isa = PBXFrameworksBuildPhase;
			buildActionMask = 2147483647;
			files = (
			);
			runOnlyForDeploymentPostprocessing = 0;
		};
/* End PBXFrameworksBuildPhase section */

/* Begin PBXGroup section */
		65B862C928E337C50024BEC9 = {
			isa = PBXGroup;
			children = (
				65B862D428E337C50024BEC9 /* mvp */,
				65B862E628E337C60024BEC9 /* mvpTests */,
				65B862F028E337C60024BEC9 /* mvpUITests */,
				65B862D328E337C50024BEC9 /* Products */,
			);
			sourceTree = "<group>";
		};
		65B862D328E337C50024BEC9 /* Products */ = {
			isa = PBXGroup;
			children = (
				65B862D228E337C50024BEC9 /* mvp.app */,
				65B862E328E337C60024BEC9 /* mvpTests.xctest */,
				65B862ED28E337C60024BEC9 /* mvpUITests.xctest */,
			);
			name = Products;
			sourceTree = "<group>";
		};
		65B862D428E337C50024BEC9 /* mvp */ = {
			isa = PBXGroup;
			children = (
				65B862D528E337C50024BEC9 /* mvpApp.swift */,
				65B862D728E337C50024BEC9 /* ContentView.swift */,
				65B862D928E337C60024BEC9 /* Assets.xcassets */,
				65B862DB28E337C60024BEC9 /* mvp.entitlements */,
				65B862DC28E337C60024BEC9 /* Preview Content */,
			);
			path = mvp;
			sourceTree = "<group>";
		};
		65B862DC28E337C60024BEC9 /* Preview Content */ = {
			isa = PBXGroup;
			children = (
				65B862DD28E337C60024BEC9 /* Preview Assets.xcassets */,
			);
			path = "Preview Content";
			sourceTree = "<group>";
		};
		65B862E628E337C60024BEC9 /* mvpTests */ = {
			isa = PBXGroup;
			children = (
				65B862E728E337C60024BEC9 /* mvpTests.swift */,
			);
			path = mvpTests;
			sourceTree = "<group>";
		};
		65B862F028E337C60024BEC9 /* mvpUITests */ = {
			isa = PBXGroup;
			children = (
				65B862F128E337C60024BEC9 /* mvpUITests.swift */,
				65B862F328E337C60024BEC9 /* mvpUITestsLaunchTests.swift */,
			);
			path = mvpUITests;
			sourceTree = "<group>";
		};
/* End PBXGroup section */

/* Begin PBXNativeTarget section */
		65B862D128E337C50024BEC9 /* mvp */ = {
			isa = PBXNativeTarget;
			buildConfigurationList = 65B862F728E337C60024BEC9 /* Build configuration list for PBXNativeTarget "mvp" */;
			buildPhases = (
				65B862CE28E337C50024BEC9 /* Sources */,
				65B862CF28E337C50024BEC9 /* Frameworks */,
				65B862D028E337C50024BEC9 /* Resources */,
			);
			buildRules = (
			);
			dependencies = (
			);
			name = mvp;
			productName = mvp;
			productReference = 65B862D228E337C50024BEC9 /* mvp.app */;
			productType = "com.apple.product-type.application";
		};
		65B862E228E337C60024BEC9 /* mvpTests */ = {
			isa = PBXNativeTarget;
			buildConfigurationList = 65B862FA28E337C60024BEC9 /* Build configuration list for PBXNativeTarget "mvpTests" */;
			buildPhases = (
				65B862DF28E337C60024BEC9 /* Sources */,
				65B862E028E337C60024BEC9 /* Frameworks */,
				65B862E128E337C60024BEC9 /* Resources */,
			);
			buildRules = (
			);
			dependencies = (
				65B862E528E337C60024BEC9 /* PBXTargetDependency */,
			);
			name = mvpTests;
			productName = mvpTests;
			productReference = 65B862E328E337C60024BEC9 /* mvpTests.xctest */;
			productType = "com.apple.product-type.bundle.unit-test";
		};
		65B862EC28E337C60024BEC9 /* mvpUITests */ = {
			isa = PBXNativeTarget;
			buildConfigurationList = 65B862FD28E337C60024BEC9 /* Build configuration list for PBXNativeTarget "mvpUITests" */;
			buildPhases = (
				65B862E928E337C60024BEC9 /* Sources */,
				65B862EA28E337C60024BEC9 /* Frameworks */,
				65B862EB28E337C60024BEC9 /* Resources */,
			);
			buildRules = (
			);
			dependencies = (
				65B862EF28E337C60024BEC9 /* PBXTargetDependency */,
			);
			name = mvpUITests;
			productName = mvpUITests;
			productReference = 65B862ED28E337C60024BEC9 /* mvpUITests.xctest */;
			productType = "com.apple.product-type.bundle.ui-testing";
		};
/* End PBXNativeTarget section */

/* Begin PBXProject section */
		65B862CA28E337C50024BEC9 /* Project object */ = {
			isa = PBXProject;
			attributes = {
				BuildIndependentTargetsInParallel = 1;
				LastSwiftUpdateCheck = 1400;
				LastUpgradeCheck = 1400;
				TargetAttributes = {
					65B862D128E337C50024BEC9 = {
						CreatedOnToolsVersion = 14.0.1;
					};
					65B862E228E337C60024BEC9 = {
						CreatedOnToolsVersion = 14.0.1;
						TestTargetID = 65B862D128E337C50024BEC9;
					};
					65B862EC28E337C60024BEC9 = {
						CreatedOnToolsVersion = 14.0.1;
						TestTargetID = 65B862D128E337C50024BEC9;
					};
				};
			};
			buildConfigurationList = 65B862CD28E337C50024BEC9 /* Build configuration list for PBXProject "mvp" */;
			compatibilityVersion = "Xcode 14.0";
			developmentRegion = en;
			hasScannedForEncodings = 0;
			knownRegions = (
				en,
				Base,
			);
			mainGroup = 65B862C928E337C50024BEC9;
			productRefGroup = 65B862D328E337C50024BEC9 /* Products */;
			projectDirPath = "";
			projectRoot = "";
			targets = (
				65B862D128E337C50024BEC9 /* mvp */,
				65B862E228E337C60024BEC9 /* mvpTests */,
				65B862EC28E337C60024BEC9 /* mvpUITests */,
			);
		};
/* End PBXProject section */

/* Begin PBXResourcesBuildPhase section */
		65B862D028E337C50024BEC9 /* Resources */ = {
			isa = PBXResourcesBuildPhase;
			buildActionMask = 2147483647;
			files = (
				65B862DE28E337C60024BEC9 /* Preview Assets.xcassets in Resources */,
				65B862DA28E337C60024BEC9 /* Assets.xcassets in Resources */,
			);
			runOnlyForDeploymentPostprocessing = 0;
		};
		65B862E128E337C60024BEC9 /* Resources */ = {
			isa = PBXResourcesBuildPhase;
			buildActionMask = 2147483647;
			files = (
			);
			runOnlyForDeploymentPostprocessing = 0;
		};
		65B862EB28E337C60024BEC9 /* Resources */ = {
			isa = PBXResourcesBuildPhase;
			buildActionMask = 2147483647;
			files = (
			);
			runOnlyForDeploymentPostprocessing = 0;
		};
/* End PBXResourcesBuildPhase section */

/* Begin PBXSourcesBuildPhase section */
		65B862CE28E337C50024BEC9 /* Sources */ = {
			isa = PBXSourcesBuildPhase;
			buildActionMask = 2147483647;
			files = (
				65B862D828E337C50024BEC9 /* ContentView.swift in Sources */,
				65B862D628E337C50024BEC9 /* mvpApp.swift in Sources */,
			);
			runOnlyForDeploymentPostprocessing = 0;
		};
		65B862DF28E337C60024BEC9 /* Sources */ = {
			isa = PBXSourcesBuildPhase;
			buildActionMask = 2147483647;
			files = (
				65B862E828E337C60024BEC9 /* mvpTests.swift in Sources */,
			);
			runOnlyForDeploymentPostprocessing = 0;
		};
		65B862E928E337C60024BEC9 /* Sources */ = {
			isa = PBXSourcesBuildPhase;
			buildActionMask = 2147483647;
			files = (
				65B862F428E337C60024BEC9 /* mvpUITestsLaunchTests.swift in Sources */,
				65B862F228E337C60024BEC9 /* mvpUITests.swift in Sources */,
			);
			runOnlyForDeploymentPostprocessing = 0;
		};
/* End PBXSourcesBuildPhase section */

/* Begin PBXTargetDependency section */
		65B862E528E337C60024BEC9 /* PBXTargetDependency */ = {
			isa = PBXTargetDependency;
			target = 65B862D128E337C50024BEC9 /* mvp */;
			targetProxy = 65B862E428E337C60024BEC9 /* PBXContainerItemProxy */;
		};
		65B862EF28E337C60024BEC9 /* PBXTargetDependency */ = {
			isa = PBXTargetDependency;
			target = 65B862D128E337C50024BEC9 /* mvp */;
			targetProxy = 65B862EE28E337C60024BEC9 /* PBXContainerItemProxy */;
		};
/* End PBXTargetDependency section */

/* Begin XCBuildConfiguration section */
		65B862F528E337C60024BEC9 /* Debug */ = {
			isa = XCBuildConfiguration;
			buildSettings = {
				ALWAYS_SEARCH_USER_PATHS = NO;
				CLANG_ANALYZER_NONNULL = YES;
				CLANG_ANALYZER_NUMBER_OBJECT_CONVERSION = YES_AGGRESSIVE;
				CLANG_CXX_LANGUAGE_STANDARD = "gnu++20";
				CLANG_ENABLE_MODULES = YES;
				CLANG_ENABLE_OBJC_ARC = YES;
				CLANG_ENABLE_OBJC_WEAK = YES;
				CLANG_WARN_BLOCK_CAPTURE_AUTORELEASING = YES;
				CLANG_WARN_BOOL_CONVERSION = YES;
				CLANG_WARN_COMMA = YES;
				CLANG_WARN_CONSTANT_CONVERSION = YES;
				CLANG_WARN_DEPRECATED_OBJC_IMPLEMENTATIONS = YES;
				CLANG_WARN_DIRECT_OBJC_ISA_USAGE = YES_ERROR;
				CLANG_WARN_DOCUMENTATION_COMMENTS = YES;
				CLANG_WARN_EMPTY_BODY = YES;
				CLANG_WARN_ENUM_CONVERSION = YES;
				CLANG_WARN_INFINITE_RECURSION = YES;
				CLANG_WARN_INT_CONVERSION = YES;
				CLANG_WARN_NON_LITERAL_NULL_CONVERSION = YES;
				CLANG_WARN_OBJC_IMPLICIT_RETAIN_SELF = YES;
				CLANG_WARN_OBJC_LITERAL_CONVERSION = YES;
				CLANG_WARN_OBJC_ROOT_CLASS = YES_ERROR;
				CLANG_WARN_QUOTED_INCLUDE_IN_FRAMEWORK_HEADER = YES;
				CLANG_WARN_RANGE_LOOP_ANALYSIS = YES;
				CLANG_WARN_STRICT_PROTOTYPES = YES;
				CLANG_WARN_SUSPICIOUS_MOVE = YES;
				CLANG_WARN_UNGUARDED_AVAILABILITY = YES_AGGRESSIVE;
				CLANG_WARN_UNREACHABLE_CODE = YES;
				CLANG_WARN__DUPLICATE_METHOD_MATCH = YES;
				COPY_PHASE_STRIP = NO;
				DEBUG_INFORMATION_FORMAT = dwarf;
				ENABLE_STRICT_OBJC_MSGSEND = YES;
				ENABLE_TESTABILITY = YES;
				GCC_C_LANGUAGE_STANDARD = gnu11;
				GCC_DYNAMIC_NO_PIC = NO;
				GCC_NO_COMMON_BLOCKS = YES;
				GCC_OPTIMIZATION_LEVEL = 0;
				GCC_PREPROCESSOR_DEFINITIONS = (
					"DEBUG=1",
					"$(inherited)",
				);
				GCC_WARN_64_TO_32_BIT_CONVERSION = YES;
				GCC_WARN_ABOUT_RETURN_TYPE = YES_ERROR;
				GCC_WARN_UNDECLARED_SELECTOR = YES;
				GCC_WARN_UNINITIALIZED_AUTOS = YES_AGGRESSIVE;
				GCC_WARN_UNUSED_FUNCTION = YES;
				GCC_WARN_UNUSED_VARIABLE = YES;
				MTL_ENABLE_DEBUG_INFO = INCLUDE_SOURCE;
				MTL_FAST_MATH = YES;
				ONLY_ACTIVE_ARCH = YES;
				SWIFT_ACTIVE_COMPILATION_CONDITIONS = DEBUG;
				SWIFT_OPTIMIZATION_LEVEL = "-Onone";
			};
			name = Debug;
		};
		65B862F628E337C60024BEC9 /* Release */ = {
			isa = XCBuildConfiguration;
			buildSettings = {
				ALWAYS_SEARCH_USER_PATHS = NO;
				CLANG_ANALYZER_NONNULL = YES;
				CLANG_ANALYZER_NUMBER_OBJECT_CONVERSION = YES_AGGRESSIVE;
				CLANG_CXX_LANGUAGE_STANDARD = "gnu++20";
				CLANG_ENABLE_MODULES = YES;
				CLANG_ENABLE_OBJC_ARC = YES;
				CLANG_ENABLE_OBJC_WEAK = YES;
				CLANG_WARN_BLOCK_CAPTURE_AUTORELEASING = YES;
				CLANG_WARN_BOOL_CONVERSION = YES;
				CLANG_WARN_COMMA = YES;
				CLANG_WARN_CONSTANT_CONVERSION = YES;
				CLANG_WARN_DEPRECATED_OBJC_IMPLEMENTATIONS = YES;
				CLANG_WARN_DIRECT_OBJC_ISA_USAGE = YES_ERROR;
				CLANG_WARN_DOCUMENTATION_COMMENTS = YES;
				CLANG_WARN_EMPTY_BODY = YES;
				CLANG_WARN_ENUM_CONVERSION = YES;
				CLANG_WARN_INFINITE_RECURSION = YES;
				CLANG_WARN_INT_CONVERSION = YES;
				CLANG_WARN_NON_LITERAL_NULL_CONVERSION = YES;
				CLANG_WARN_OBJC_IMPLICIT_RETAIN_SELF = YES;
				CLANG_WARN_OBJC_LITERAL_CONVERSION = YES;
				CLANG_WARN_OBJC_ROOT_CLASS = YES_ERROR;
				CLANG_WARN_QUOTED_INCLUDE_IN_FRAMEWORK_HEADER = YES;
				CLANG_WARN_RANGE_LOOP_ANALYSIS = YES;
				CLANG_WARN_STRICT_PROTOTYPES = YES;
				CLANG_WARN_SUSPICIOUS_MOVE = YES;
				CLANG_WARN_UNGUARDED_AVAILABILITY = YES_AGGRESSIVE;
				CLANG_WARN_UNREACHABLE_CODE = YES;
				CLANG_WARN__DUPLICATE_METHOD_MATCH = YES;
				COPY_PHASE_STRIP = NO;
				DEBUG_INFORMATION_FORMAT = "dwarf-with-dsym";
				ENABLE_NS_ASSERTIONS = NO;
				ENABLE_STRICT_OBJC_MSGSEND = YES;
				GCC_C_LANGUAGE_STANDARD = gnu11;
				GCC_NO_COMMON_BLOCKS = YES;
				GCC_WARN_64_TO_32_BIT_CONVERSION = YES;
				GCC_WARN_ABOUT_RETURN_TYPE = YES_ERROR;
				GCC_WARN_UNDECLARED_SELECTOR = YES;
				GCC_WARN_UNINITIALIZED_AUTOS = YES_AGGRESSIVE;
				GCC_WARN_UNUSED_FUNCTION = YES;
				GCC_WARN_UNUSED_VARIABLE = YES;
				MTL_ENABLE_DEBUG_INFO = NO;
				MTL_FAST_MATH = YES;
				SWIFT_COMPILATION_MODE = wholemodule;
				SWIFT_OPTIMIZATION_LEVEL = "-O";
			};
			name = Release;
		};
		65B862F828E337C60024BEC9 /* Debug */ = {
			isa = XCBuildConfiguration;
			buildSettings = {
				ASSETCATALOG_COMPILER_APPICON_NAME = AppIcon;
				ASSETCATALOG_COMPILER_GLOBAL_ACCENT_COLOR_NAME = AccentColor;
				CODE_SIGN_ENTITLEMENTS = mvp/mvp.entitlements;
				CODE_SIGN_STYLE = Automatic;
				CURRENT_PROJECT_VERSION = 1;
				DEVELOPMENT_ASSET_PATHS = "\"mvp/Preview Content\"";
				DEVELOPMENT_TEAM = A2MFC9UCG6;
				ENABLE_HARDENED_RUNTIME = YES;
				ENABLE_PREVIEWS = YES;
				GENERATE_INFOPLIST_FILE = YES;
				"INFOPLIST_KEY_UIApplicationSceneManifest_Generation[sdk=iphoneos*]" = YES;
				"INFOPLIST_KEY_UIApplicationSceneManifest_Generation[sdk=iphonesimulator*]" = YES;
				"INFOPLIST_KEY_UIApplicationSupportsIndirectInputEvents[sdk=iphoneos*]" = YES;
				"INFOPLIST_KEY_UIApplicationSupportsIndirectInputEvents[sdk=iphonesimulator*]" = YES;
				"INFOPLIST_KEY_UILaunchScreen_Generation[sdk=iphoneos*]" = YES;
				"INFOPLIST_KEY_UILaunchScreen_Generation[sdk=iphonesimulator*]" = YES;
				"INFOPLIST_KEY_UIStatusBarStyle[sdk=iphoneos*]" = UIStatusBarStyleDefault;
				"INFOPLIST_KEY_UIStatusBarStyle[sdk=iphonesimulator*]" = UIStatusBarStyleDefault;
				INFOPLIST_KEY_UISupportedInterfaceOrientations_iPad = "UIInterfaceOrientationPortrait UIInterfaceOrientationPortraitUpsideDown UIInterfaceOrientationLandscapeLeft UIInterfaceOrientationLandscapeRight";
				INFOPLIST_KEY_UISupportedInterfaceOrientations_iPhone = "UIInterfaceOrientationPortrait UIInterfaceOrientationLandscapeLeft UIInterfaceOrientationLandscapeRight";
				IPHONEOS_DEPLOYMENT_TARGET = 16.0;
				LD_RUNPATH_SEARCH_PATHS = "@executable_path/Frameworks";
				"LD_RUNPATH_SEARCH_PATHS[sdk=macosx*]" = "@executable_path/../Frameworks";
				MACOSX_DEPLOYMENT_TARGET = 12.3;
				MARKETING_VERSION = 1.0;
				PRODUCT_BUNDLE_IDENTIFIER = mvp.mvp;
				PRODUCT_NAME = "$(TARGET_NAME)";
				SDKROOT = auto;
				SUPPORTED_PLATFORMS = "iphoneos iphonesimulator macosx";
				SWIFT_EMIT_LOC_STRINGS = YES;
				SWIFT_VERSION = 5.0;
				TARGETED_DEVICE_FAMILY = "1,2";
			};
			name = Debug;
		};
		65B862F928E337C60024BEC9 /* Release */ = {
			isa = XCBuildConfiguration;
			buildSettings = {
				ASSETCATALOG_COMPILER_APPICON_NAME = AppIcon;
				ASSETCATALOG_COMPILER_GLOBAL_ACCENT_COLOR_NAME = AccentColor;
				CODE_SIGN_ENTITLEMENTS = mvp/mvp.entitlements;
				CODE_SIGN_STYLE = Automatic;
				CURRENT_PROJECT_VERSION = 1;
				DEVELOPMENT_ASSET_PATHS = "\"mvp/Preview Content\"";
				DEVELOPMENT_TEAM = A2MFC9UCG6;
				ENABLE_HARDENED_RUNTIME = YES;
				ENABLE_PREVIEWS = YES;
				GENERATE_INFOPLIST_FILE = YES;
				"INFOPLIST_KEY_UIApplicationSceneManifest_Generation[sdk=iphoneos*]" = YES;
				"INFOPLIST_KEY_UIApplicationSceneManifest_Generation[sdk=iphonesimulator*]" = YES;
				"INFOPLIST_KEY_UIApplicationSupportsIndirectInputEvents[sdk=iphoneos*]" = YES;
				"INFOPLIST_KEY_UIApplicationSupportsIndirectInputEvents[sdk=iphonesimulator*]" = YES;
				"INFOPLIST_KEY_UILaunchScreen_Generation[sdk=iphoneos*]" = YES;
				"INFOPLIST_KEY_UILaunchScreen_Generation[sdk=iphonesimulator*]" = YES;
				"INFOPLIST_KEY_UIStatusBarStyle[sdk=iphoneos*]" = UIStatusBarStyleDefault;
				"INFOPLIST_KEY_UIStatusBarStyle[sdk=iphonesimulator*]" = UIStatusBarStyleDefault;
				INFOPLIST_KEY_UISupportedInterfaceOrientations_iPad = "UIInterfaceOrientationPortrait UIInterfaceOrientationPortraitUpsideDown UIInterfaceOrientationLandscapeLeft UIInterfaceOrientationLandscapeRight";
				INFOPLIST_KEY_UISupportedInterfaceOrientations_iPhone = "UIInterfaceOrientationPortrait UIInterfaceOrientationLandscapeLeft UIInterfaceOrientationLandscapeRight";
				IPHONEOS_DEPLOYMENT_TARGET = 16.0;
				LD_RUNPATH_SEARCH_PATHS = "@executable_path/Frameworks";
				"LD_RUNPATH_SEARCH_PATHS[sdk=macosx*]" = "@executable_path/../Frameworks";
				MACOSX_DEPLOYMENT_TARGET = 12.3;
				MARKETING_VERSION = 1.0;
				PRODUCT_BUNDLE_IDENTIFIER = mvp.mvp;
				PRODUCT_NAME = "$(TARGET_NAME)";
				SDKROOT = auto;
				SUPPORTED_PLATFORMS = "iphoneos iphonesimulator macosx";
				SWIFT_EMIT_LOC_STRINGS = YES;
				SWIFT_VERSION = 5.0;
				TARGETED_DEVICE_FAMILY = "1,2";
			};
			name = Release;
		};
		65B862FB28E337C60024BEC9 /* Debug */ = {
			isa = XCBuildConfiguration;
			buildSettings = {
				ALWAYS_EMBED_SWIFT_STANDARD_LIBRARIES = YES;
				BUNDLE_LOADER = "$(TEST_HOST)";
				CODE_SIGN_STYLE = Automatic;
				CURRENT_PROJECT_VERSION = 1;
				DEVELOPMENT_TEAM = A2MFC9UCG6;
				GENERATE_INFOPLIST_FILE = YES;
				IPHONEOS_DEPLOYMENT_TARGET = 16.0;
				MACOSX_DEPLOYMENT_TARGET = 12.3;
				MARKETING_VERSION = 1.0;
				PRODUCT_BUNDLE_IDENTIFIER = mvp.mvpTests;
				PRODUCT_NAME = "$(TARGET_NAME)";
				SDKROOT = auto;
				SUPPORTED_PLATFORMS = "iphoneos iphonesimulator macosx";
				SWIFT_EMIT_LOC_STRINGS = NO;
				SWIFT_VERSION = 5.0;
				TARGETED_DEVICE_FAMILY = "1,2";
				TEST_HOST = "$(BUILT_PRODUCTS_DIR)/mvp.app/$(BUNDLE_EXECUTABLE_FOLDER_PATH)/mvp";
			};
			name = Debug;
		};
		65B862FC28E337C60024BEC9 /* Release */ = {
			isa = XCBuildConfiguration;
			buildSettings = {
				ALWAYS_EMBED_SWIFT_STANDARD_LIBRARIES = YES;
				BUNDLE_LOADER = "$(TEST_HOST)";
				CODE_SIGN_STYLE = Automatic;
				CURRENT_PROJECT_VERSION = 1;
				DEVELOPMENT_TEAM = A2MFC9UCG6;
				GENERATE_INFOPLIST_FILE = YES;
				IPHONEOS_DEPLOYMENT_TARGET = 16.0;
				MACOSX_DEPLOYMENT_TARGET = 12.3;
				MARKETING_VERSION = 1.0;
				PRODUCT_BUNDLE_IDENTIFIER = mvp.mvpTests;
				PRODUCT_NAME = "$(TARGET_NAME)";
				SDKROOT = auto;
				SUPPORTED_PLATFORMS = "iphoneos iphonesimulator macosx";
				SWIFT_EMIT_LOC_STRINGS = NO;
				SWIFT_VERSION = 5.0;
				TARGETED_DEVICE_FAMILY = "1,2";
				TEST_HOST = "$(BUILT_PRODUCTS_DIR)/mvp.app/$(BUNDLE_EXECUTABLE_FOLDER_PATH)/mvp";
			};
			name = Release;
		};
		65B862FE28E337C60024BEC9 /* Debug */ = {
			isa = XCBuildConfiguration;
			buildSettings = {
				ALWAYS_EMBED_SWIFT_STANDARD_LIBRARIES = YES;
				CODE_SIGN_STYLE = Automatic;
				CURRENT_PROJECT_VERSION = 1;
				DEVELOPMENT_TEAM = A2MFC9UCG6;
				GENERATE_INFOPLIST_FILE = YES;
				IPHONEOS_DEPLOYMENT_TARGET = 16.0;
				MACOSX_DEPLOYMENT_TARGET = 12.3;
				MARKETING_VERSION = 1.0;
				PRODUCT_BUNDLE_IDENTIFIER = mvp.mvpUITests;
				PRODUCT_NAME = "$(TARGET_NAME)";
				SDKROOT = auto;
				SUPPORTED_PLATFORMS = "iphoneos iphonesimulator macosx";
				SWIFT_EMIT_LOC_STRINGS = NO;
				SWIFT_VERSION = 5.0;
				TARGETED_DEVICE_FAMILY = "1,2";
				TEST_TARGET_NAME = mvp;
			};
			name = Debug;
		};
		65B862FF28E337C60024BEC9 /* Release */ = {
			isa = XCBuildConfiguration;
			buildSettings = {
				ALWAYS_EMBED_SWIFT_STANDARD_LIBRARIES = YES;
				CODE_SIGN_STYLE = Automatic;
				CURRENT_PROJECT_VERSION = 1;
				DEVELOPMENT_TEAM = A2MFC9UCG6;
				GENERATE_INFOPLIST_FILE = YES;
				IPHONEOS_DEPLOYMENT_TARGET = 16.0;
				MACOSX_DEPLOYMENT_TARGET = 12.3;
				MARKETING_VERSION = 1.0;
				PRODUCT_BUNDLE_IDENTIFIER = mvp.mvpUITests;
				PRODUCT_NAME = "$(TARGET_NAME)";
				SDKROOT = auto;
				SUPPORTED_PLATFORMS = "iphoneos iphonesimulator macosx";
				SWIFT_EMIT_LOC_STRINGS = NO;
				SWIFT_VERSION = 5.0;
				TARGETED_DEVICE_FAMILY = "1,2";
				TEST_TARGET_NAME = mvp;
			};
			name = Release;
		};
/* End XCBuildConfiguration section */

/* Begin XCConfigurationList section */
		65B862CD28E337C50024BEC9 /* Build configuration list for PBXProject "mvp" */ = {
			isa = XCConfigurationList;
			buildConfigurations = (
				65B862F528E337C60024BEC9 /* Debug */,
				65B862F628E337C60024BEC9 /* Release */,
			);
			defaultConfigurationIsVisible = 0;
			defaultConfigurationName = Release;
		};
		65B862F728E337C60024BEC9 /* Build configuration list for PBXNativeTarget "mvp" */ = {
			isa = XCConfigurationList;
			buildConfigurations = (
				65B862F828E337C60024BEC9 /* Debug */,
				65B862F928E337C60024BEC9 /* Release */,
			);
			defaultConfigurationIsVisible = 0;
			defaultConfigurationName = Release;
		};
		65B862FA28E337C60024BEC9 /* Build configuration list for PBXNativeTarget "mvpTests" */ = {
			isa = XCConfigurationList;
			buildConfigurations = (
				65B862FB28E337C60024BEC9 /* Debug */,
				65B862FC28E337C60024BEC9 /* Release */,
			);
			defaultConfigurationIsVisible = 0;
			defaultConfigurationName = Release;
		};
		65B862FD28E337C60024BEC9 /* Build configuration list for PBXNativeTarget "mvpUITests" */ = {
			isa = XCConfigurationList;
			buildConfigurations = (
				65B862FE28E337C60024BEC9 /* Debug */,
				65B862FF28E337C60024BEC9 /* Release */,
			);
			defaultConfigurationIsVisible = 0;
			defaultConfigurationName = Release;
		};
/* End XCConfigurationList section */
	};
	rootObject = 65B862CA28E337C50024BEC9 /* Project object */;
}
